
Microsoft Visual Studio Solution File, Format Version 12.00
# Visual Studio 15
VisualStudioVersion = 15.0.26430.12
MinimumVisualStudioVersion = 10.0.40219.1
Project("{FAE04EC0-301F-11D3-BF4B-00C04F79EFBC}") = "Discord Mobile Client", "Discord Mobile\Discord Mobile Client.csproj", "{09063054-F4EF-4883-A59E-8CD4621DE5FF}"
EndProject
Global
	GlobalSection(SolutionConfigurationPlatforms) = preSolution
		Debug|Any CPU = Debug|Any CPU
		Debug|ARM = Debug|ARM
		Debug|x64 = Debug|x64
		Debug|x86 = Debug|x86
		DebugDLL_fixed|Any CPU = DebugDLL_fixed|Any CPU
		DebugDLL_fixed|ARM = DebugDLL_fixed|ARM
		DebugDLL_fixed|x64 = DebugDLL_fixed|x64
		DebugDLL_fixed|x86 = DebugDLL_fixed|x86
		DebugDLL|Any CPU = DebugDLL|Any CPU
		DebugDLL|ARM = DebugDLL|ARM
		DebugDLL|x64 = DebugDLL|x64
		DebugDLL|x86 = DebugDLL|x86
		DebugLIB|Any CPU = DebugLIB|Any CPU
		DebugLIB|ARM = DebugLIB|ARM
		DebugLIB|x64 = DebugLIB|x64
		DebugLIB|x86 = DebugLIB|x86
		DebugLTCG|Any CPU = DebugLTCG|Any CPU
		DebugLTCG|ARM = DebugLTCG|ARM
		DebugLTCG|x64 = DebugLTCG|x64
		DebugLTCG|x86 = DebugLTCG|x86
		Release|Any CPU = Release|Any CPU
		Release|ARM = Release|ARM
		Release|x64 = Release|x64
		Release|x86 = Release|x86
		ReleaseDLL_fixed|Any CPU = ReleaseDLL_fixed|Any CPU
		ReleaseDLL_fixed|ARM = ReleaseDLL_fixed|ARM
		ReleaseDLL_fixed|x64 = ReleaseDLL_fixed|x64
		ReleaseDLL_fixed|x86 = ReleaseDLL_fixed|x86
		ReleaseDLL|Any CPU = ReleaseDLL|Any CPU
		ReleaseDLL|ARM = ReleaseDLL|ARM
		ReleaseDLL|x64 = ReleaseDLL|x64
		ReleaseDLL|x86 = ReleaseDLL|x86
		ReleaseLIB|Any CPU = ReleaseLIB|Any CPU
		ReleaseLIB|ARM = ReleaseLIB|ARM
		ReleaseLIB|x64 = ReleaseLIB|x64
		ReleaseLIB|x86 = ReleaseLIB|x86
		ReleaseLTCG|Any CPU = ReleaseLTCG|Any CPU
		ReleaseLTCG|ARM = ReleaseLTCG|ARM
		ReleaseLTCG|x64 = ReleaseLTCG|x64
		ReleaseLTCG|x86 = ReleaseLTCG|x86
	EndGlobalSection
	GlobalSection(ProjectConfigurationPlatforms) = postSolution
		{09063054-F4EF-4883-A59E-8CD4621DE5FF}.Debug|Any CPU.ActiveCfg = Debug|x86
		{09063054-F4EF-4883-A59E-8CD4621DE5FF}.Debug|Any CPU.Build.0 = Debug|x86
		{09063054-F4EF-4883-A59E-8CD4621DE5FF}.Debug|Any CPU.Deploy.0 = Debug|x86
		{09063054-F4EF-4883-A59E-8CD4621DE5FF}.Debug|ARM.ActiveCfg = Debug|ARM
		{09063054-F4EF-4883-A59E-8CD4621DE5FF}.Debug|ARM.Build.0 = Debug|ARM
		{09063054-F4EF-4883-A59E-8CD4621DE5FF}.Debug|ARM.Deploy.0 = Debug|ARM
		{09063054-F4EF-4883-A59E-8CD4621DE5FF}.Debug|x64.ActiveCfg = Debug|x64
		{09063054-F4EF-4883-A59E-8CD4621DE5FF}.Debug|x64.Build.0 = Debug|x64
		{09063054-F4EF-4883-A59E-8CD4621DE5FF}.Debug|x64.Deploy.0 = Debug|x64
		{09063054-F4EF-4883-A59E-8CD4621DE5FF}.Debug|x86.ActiveCfg = Debug|x86
		{09063054-F4EF-4883-A59E-8CD4621DE5FF}.Debug|x86.Build.0 = Debug|x86
		{09063054-F4EF-4883-A59E-8CD4621DE5FF}.Debug|x86.Deploy.0 = Debug|x86
		{09063054-F4EF-4883-A59E-8CD4621DE5FF}.DebugDLL_fixed|Any CPU.ActiveCfg = Release|x64
		{09063054-F4EF-4883-A59E-8CD4621DE5FF}.DebugDLL_fixed|Any CPU.Build.0 = Release|x64
		{09063054-F4EF-4883-A59E-8CD4621DE5FF}.DebugDLL_fixed|Any CPU.Deploy.0 = Release|x64
		{09063054-F4EF-4883-A59E-8CD4621DE5FF}.DebugDLL_fixed|ARM.ActiveCfg = Debug|ARM
		{09063054-F4EF-4883-A59E-8CD4621DE5FF}.DebugDLL_fixed|ARM.Build.0 = Debug|ARM
		{09063054-F4EF-4883-A59E-8CD4621DE5FF}.DebugDLL_fixed|ARM.Deploy.0 = Debug|ARM
		{09063054-F4EF-4883-A59E-8CD4621DE5FF}.DebugDLL_fixed|x64.ActiveCfg = Debug|x64
		{09063054-F4EF-4883-A59E-8CD4621DE5FF}.DebugDLL_fixed|x64.Build.0 = Debug|x64
		{09063054-F4EF-4883-A59E-8CD4621DE5FF}.DebugDLL_fixed|x64.Deploy.0 = Debug|x64
		{09063054-F4EF-4883-A59E-8CD4621DE5FF}.DebugDLL_fixed|x86.ActiveCfg = Debug|x86
		{09063054-F4EF-4883-A59E-8CD4621DE5FF}.DebugDLL_fixed|x86.Build.0 = Debug|x86
		{09063054-F4EF-4883-A59E-8CD4621DE5FF}.DebugDLL_fixed|x86.Deploy.0 = Debug|x86
		{09063054-F4EF-4883-A59E-8CD4621DE5FF}.DebugDLL|Any CPU.ActiveCfg = Release|x64
		{09063054-F4EF-4883-A59E-8CD4621DE5FF}.DebugDLL|Any CPU.Build.0 = Release|x64
		{09063054-F4EF-4883-A59E-8CD4621DE5FF}.DebugDLL|Any CPU.Deploy.0 = Release|x64
		{09063054-F4EF-4883-A59E-8CD4621DE5FF}.DebugDLL|ARM.ActiveCfg = Debug|ARM
		{09063054-F4EF-4883-A59E-8CD4621DE5FF}.DebugDLL|ARM.Build.0 = Debug|ARM
		{09063054-F4EF-4883-A59E-8CD4621DE5FF}.DebugDLL|ARM.Deploy.0 = Debug|ARM
		{09063054-F4EF-4883-A59E-8CD4621DE5FF}.DebugDLL|x64.ActiveCfg = Debug|x64
		{09063054-F4EF-4883-A59E-8CD4621DE5FF}.DebugDLL|x64.Build.0 = Debug|x64
		{09063054-F4EF-4883-A59E-8CD4621DE5FF}.DebugDLL|x64.Deploy.0 = Debug|x64
		{09063054-F4EF-4883-A59E-8CD4621DE5FF}.DebugDLL|x86.ActiveCfg = Debug|x86
		{09063054-F4EF-4883-A59E-8CD4621DE5FF}.DebugDLL|x86.Build.0 = Debug|x86
		{09063054-F4EF-4883-A59E-8CD4621DE5FF}.DebugDLL|x86.Deploy.0 = Debug|x86
		{09063054-F4EF-4883-A59E-8CD4621DE5FF}.DebugLIB|Any CPU.ActiveCfg = Release|x64
		{09063054-F4EF-4883-A59E-8CD4621DE5FF}.DebugLIB|Any CPU.Build.0 = Release|x64
		{09063054-F4EF-4883-A59E-8CD4621DE5FF}.DebugLIB|Any CPU.Deploy.0 = Release|x64
		{09063054-F4EF-4883-A59E-8CD4621DE5FF}.DebugLIB|ARM.ActiveCfg = Debug|ARM
		{09063054-F4EF-4883-A59E-8CD4621DE5FF}.DebugLIB|ARM.Build.0 = Debug|ARM
		{09063054-F4EF-4883-A59E-8CD4621DE5FF}.DebugLIB|ARM.Deploy.0 = Debug|ARM
		{09063054-F4EF-4883-A59E-8CD4621DE5FF}.DebugLIB|x64.ActiveCfg = Debug|x64
		{09063054-F4EF-4883-A59E-8CD4621DE5FF}.DebugLIB|x64.Build.0 = Debug|x64
		{09063054-F4EF-4883-A59E-8CD4621DE5FF}.DebugLIB|x64.Deploy.0 = Debug|x64
		{09063054-F4EF-4883-A59E-8CD4621DE5FF}.DebugLIB|x86.ActiveCfg = Debug|x86
		{09063054-F4EF-4883-A59E-8CD4621DE5FF}.DebugLIB|x86.Build.0 = Debug|x86
		{09063054-F4EF-4883-A59E-8CD4621DE5FF}.DebugLIB|x86.Deploy.0 = Debug|x86
		{09063054-F4EF-4883-A59E-8CD4621DE5FF}.DebugLTCG|Any CPU.ActiveCfg = Release|x64
		{09063054-F4EF-4883-A59E-8CD4621DE5FF}.DebugLTCG|Any CPU.Build.0 = Release|x64
		{09063054-F4EF-4883-A59E-8CD4621DE5FF}.DebugLTCG|Any CPU.Deploy.0 = Release|x64
		{09063054-F4EF-4883-A59E-8CD4621DE5FF}.DebugLTCG|ARM.ActiveCfg = Debug|ARM
		{09063054-F4EF-4883-A59E-8CD4621DE5FF}.DebugLTCG|ARM.Build.0 = Debug|ARM
		{09063054-F4EF-4883-A59E-8CD4621DE5FF}.DebugLTCG|ARM.Deploy.0 = Debug|ARM
		{09063054-F4EF-4883-A59E-8CD4621DE5FF}.DebugLTCG|x64.ActiveCfg = Debug|x64
		{09063054-F4EF-4883-A59E-8CD4621DE5FF}.DebugLTCG|x64.Build.0 = Debug|x64
		{09063054-F4EF-4883-A59E-8CD4621DE5FF}.DebugLTCG|x64.Deploy.0 = Debug|x64
		{09063054-F4EF-4883-A59E-8CD4621DE5FF}.DebugLTCG|x86.ActiveCfg = Debug|x86
		{09063054-F4EF-4883-A59E-8CD4621DE5FF}.DebugLTCG|x86.Build.0 = Debug|x86
		{09063054-F4EF-4883-A59E-8CD4621DE5FF}.DebugLTCG|x86.Deploy.0 = Debug|x86
		{09063054-F4EF-4883-A59E-8CD4621DE5FF}.Release|Any CPU.ActiveCfg = Release|x64
		{09063054-F4EF-4883-A59E-8CD4621DE5FF}.Release|Any CPU.Build.0 = Release|x64
		{09063054-F4EF-4883-A59E-8CD4621DE5FF}.Release|Any CPU.Deploy.0 = Release|x64
		{09063054-F4EF-4883-A59E-8CD4621DE5FF}.Release|ARM.ActiveCfg = Release|ARM
		{09063054-F4EF-4883-A59E-8CD4621DE5FF}.Release|ARM.Build.0 = Release|ARM
		{09063054-F4EF-4883-A59E-8CD4621DE5FF}.Release|ARM.Deploy.0 = Release|ARM
		{09063054-F4EF-4883-A59E-8CD4621DE5FF}.Release|x64.ActiveCfg = Release|x64
		{09063054-F4EF-4883-A59E-8CD4621DE5FF}.Release|x64.Build.0 = Release|x64
		{09063054-F4EF-4883-A59E-8CD4621DE5FF}.Release|x64.Deploy.0 = Release|x64
		{09063054-F4EF-4883-A59E-8CD4621DE5FF}.Release|x86.ActiveCfg = Release|x86
		{09063054-F4EF-4883-A59E-8CD4621DE5FF}.Release|x86.Build.0 = Release|x86
		{09063054-F4EF-4883-A59E-8CD4621DE5FF}.Release|x86.Deploy.0 = Release|x86
		{09063054-F4EF-4883-A59E-8CD4621DE5FF}.ReleaseDLL_fixed|Any CPU.ActiveCfg = Release|x64
		{09063054-F4EF-4883-A59E-8CD4621DE5FF}.ReleaseDLL_fixed|Any CPU.Build.0 = Release|x64
		{09063054-F4EF-4883-A59E-8CD4621DE5FF}.ReleaseDLL_fixed|Any CPU.Deploy.0 = Release|x64
		{09063054-F4EF-4883-A59E-8CD4621DE5FF}.ReleaseDLL_fixed|ARM.ActiveCfg = Release|ARM
		{09063054-F4EF-4883-A59E-8CD4621DE5FF}.ReleaseDLL_fixed|ARM.Build.0 = Release|ARM
		{09063054-F4EF-4883-A59E-8CD4621DE5FF}.ReleaseDLL_fixed|ARM.Deploy.0 = Release|ARM
		{09063054-F4EF-4883-A59E-8CD4621DE5FF}.ReleaseDLL_fixed|x64.ActiveCfg = Release|x64
		{09063054-F4EF-4883-A59E-8CD4621DE5FF}.ReleaseDLL_fixed|x64.Build.0 = Release|x64
		{09063054-F4EF-4883-A59E-8CD4621DE5FF}.ReleaseDLL_fixed|x64.Deploy.0 = Release|x64
		{09063054-F4EF-4883-A59E-8CD4621DE5FF}.ReleaseDLL_fixed|x86.ActiveCfg = Release|x86
		{09063054-F4EF-4883-A59E-8CD4621DE5FF}.ReleaseDLL_fixed|x86.Build.0 = Release|x86
		{09063054-F4EF-4883-A59E-8CD4621DE5FF}.ReleaseDLL_fixed|x86.Deploy.0 = Release|x86
		{09063054-F4EF-4883-A59E-8CD4621DE5FF}.ReleaseDLL|Any CPU.ActiveCfg = Release|x64
		{09063054-F4EF-4883-A59E-8CD4621DE5FF}.ReleaseDLL|Any CPU.Build.0 = Release|x64
		{09063054-F4EF-4883-A59E-8CD4621DE5FF}.ReleaseDLL|Any CPU.Deploy.0 = Release|x64
		{09063054-F4EF-4883-A59E-8CD4621DE5FF}.ReleaseDLL|ARM.ActiveCfg = Release|ARM
		{09063054-F4EF-4883-A59E-8CD4621DE5FF}.ReleaseDLL|ARM.Build.0 = Release|ARM
		{09063054-F4EF-4883-A59E-8CD4621DE5FF}.ReleaseDLL|ARM.Deploy.0 = Release|ARM
		{09063054-F4EF-4883-A59E-8CD4621DE5FF}.ReleaseDLL|x64.ActiveCfg = Release|x64
		{09063054-F4EF-4883-A59E-8CD4621DE5FF}.ReleaseDLL|x64.Build.0 = Release|x64
		{09063054-F4EF-4883-A59E-8CD4621DE5FF}.ReleaseDLL|x64.Deploy.0 = Release|x64
		{09063054-F4EF-4883-A59E-8CD4621DE5FF}.ReleaseDLL|x86.ActiveCfg = Release|x86
		{09063054-F4EF-4883-A59E-8CD4621DE5FF}.ReleaseDLL|x86.Build.0 = Release|x86
		{09063054-F4EF-4883-A59E-8CD4621DE5FF}.ReleaseDLL|x86.Deploy.0 = Release|x86
		{09063054-F4EF-4883-A59E-8CD4621DE5FF}.ReleaseLIB|Any CPU.ActiveCfg = Release|x64
		{09063054-F4EF-4883-A59E-8CD4621DE5FF}.ReleaseLIB|Any CPU.Build.0 = Release|x64
		{09063054-F4EF-4883-A59E-8CD4621DE5FF}.ReleaseLIB|Any CPU.Deploy.0 = Release|x64
		{09063054-F4EF-4883-A59E-8CD4621DE5FF}.ReleaseLIB|ARM.ActiveCfg = Release|ARM
		{09063054-F4EF-4883-A59E-8CD4621DE5FF}.ReleaseLIB|ARM.Build.0 = Release|ARM
		{09063054-F4EF-4883-A59E-8CD4621DE5FF}.ReleaseLIB|ARM.Deploy.0 = Release|ARM
		{09063054-F4EF-4883-A59E-8CD4621DE5FF}.ReleaseLIB|x64.ActiveCfg = Release|x64
		{09063054-F4EF-4883-A59E-8CD4621DE5FF}.ReleaseLIB|x64.Build.0 = Release|x64
		{09063054-F4EF-4883-A59E-8CD4621DE5FF}.ReleaseLIB|x64.Deploy.0 = Release|x64
		{09063054-F4EF-4883-A59E-8CD4621DE5FF}.ReleaseLIB|x86.ActiveCfg = Release|x86
		{09063054-F4EF-4883-A59E-8CD4621DE5FF}.ReleaseLIB|x86.Build.0 = Release|x86
		{09063054-F4EF-4883-A59E-8CD4621DE5FF}.ReleaseLIB|x86.Deploy.0 = Release|x86
		{09063054-F4EF-4883-A59E-8CD4621DE5FF}.ReleaseLTCG|Any CPU.ActiveCfg = Release|x64
		{09063054-F4EF-4883-A59E-8CD4621DE5FF}.ReleaseLTCG|Any CPU.Build.0 = Release|x64
		{09063054-F4EF-4883-A59E-8CD4621DE5FF}.ReleaseLTCG|Any CPU.Deploy.0 = Release|x64
		{09063054-F4EF-4883-A59E-8CD4621DE5FF}.ReleaseLTCG|ARM.ActiveCfg = Release|ARM
		{09063054-F4EF-4883-A59E-8CD4621DE5FF}.ReleaseLTCG|ARM.Build.0 = Release|ARM
		{09063054-F4EF-4883-A59E-8CD4621DE5FF}.ReleaseLTCG|ARM.Deploy.0 = Release|ARM
		{09063054-F4EF-4883-A59E-8CD4621DE5FF}.ReleaseLTCG|x64.ActiveCfg = Release|x64
		{09063054-F4EF-4883-A59E-8CD4621DE5FF}.ReleaseLTCG|x64.Build.0 = Release|x64
		{09063054-F4EF-4883-A59E-8CD4621DE5FF}.ReleaseLTCG|x64.Deploy.0 = Release|x64
		{09063054-F4EF-4883-A59E-8CD4621DE5FF}.ReleaseLTCG|x86.ActiveCfg = Release|x86
		{09063054-F4EF-4883-A59E-8CD4621DE5FF}.ReleaseLTCG|x86.Build.0 = Release|x86
		{09063054-F4EF-4883-A59E-8CD4621DE5FF}.ReleaseLTCG|x86.Deploy.0 = Release|x86
	EndGlobalSection
	GlobalSection(SolutionProperties) = preSolution
		HideSolutionNode = FALSE
	EndGlobalSection
EndGlobal
